// !$*UTF8*$!
{
	archiveVersion = 1;
	classes = {
	};
	objectVersion = 46;
	objects = {

/* Begin PBXBuildFile section */
		1B2686541F6A87340018DC59 /* AppDelegate.swift in Sources */ = {isa = PBXBuildFile; fileRef = 1B2686531F6A87340018DC59 /* AppDelegate.swift */; };
		1B2686561F6A87340018DC59 /* ViewController.swift in Sources */ = {isa = PBXBuildFile; fileRef = 1B2686551F6A87340018DC59 /* ViewController.swift */; };
		1B2686591F6A87340018DC59 /* Main.storyboard in Resources */ = {isa = PBXBuildFile; fileRef = 1B2686571F6A87340018DC59 /* Main.storyboard */; };
		1B26865B1F6A87340018DC59 /* Assets.xcassets in Resources */ = {isa = PBXBuildFile; fileRef = 1B26865A1F6A87340018DC59 /* Assets.xcassets */; };
		1B26865E1F6A87340018DC59 /* LaunchScreen.storyboard in Resources */ = {isa = PBXBuildFile; fileRef = 1B26865C1F6A87340018DC59 /* LaunchScreen.storyboard */; };
		1B2686681F6A89440018DC59 /* FirstDelegate.swift in Sources */ = {isa = PBXBuildFile; fileRef = 1B2686671F6A89440018DC59 /* FirstDelegate.swift */; };
		1B26866A1F6A89520018DC59 /* SecondDelegate.swift in Sources */ = {isa = PBXBuildFile; fileRef = 1B2686691F6A89520018DC59 /* SecondDelegate.swift */; };
/* End PBXBuildFile section */

/* Begin PBXFileReference section */
		1B2686501F6A87340018DC59 /* TextField Challenge App.app */ = {isa = PBXFileReference; explicitFileType = wrapper.application; includeInIndex = 0; path = "TextField Challenge App.app"; sourceTree = BUILT_PRODUCTS_DIR; };
		1B2686531F6A87340018DC59 /* AppDelegate.swift */ = {isa = PBXFileReference; lastKnownFileType = sourcecode.swift; path = AppDelegate.swift; sourceTree = "<group>"; };
		1B2686551F6A87340018DC59 /* ViewController.swift */ = {isa = PBXFileReference; lastKnownFileType = sourcecode.swift; path = ViewController.swift; sourceTree = "<group>"; };
		1B2686581F6A87340018DC59 /* Base */ = {isa = PBXFileReference; lastKnownFileType = file.storyboard; name = Base; path = Base.lproj/Main.storyboard; sourceTree = "<group>"; };
		1B26865A1F6A87340018DC59 /* Assets.xcassets */ = {isa = PBXFileReference; lastKnownFileType = folder.assetcatalog; path = Assets.xcassets; sourceTree = "<group>"; };
		1B26865D1F6A87340018DC59 /* Base */ = {isa = PBXFileReference; lastKnownFileType = file.storyboard; name = Base; path = Base.lproj/LaunchScreen.storyboard; sourceTree = "<group>"; };
		1B26865F1F6A87340018DC59 /* Info.plist */ = {isa = PBXFileReference; lastKnownFileType = text.plist.xml; path = Info.plist; sourceTree = "<group>"; };
		1B2686671F6A89440018DC59 /* FirstDelegate.swift */ = {isa = PBXFileReference; fileEncoding = 4; lastKnownFileType = sourcecode.swift; path = FirstDelegate.swift; sourceTree = "<group>"; };
		1B2686691F6A89520018DC59 /* SecondDelegate.swift */ = {isa = PBXFileReference; fileEncoding = 4; lastKnownFileType = sourcecode.swift; path = SecondDelegate.swift; sourceTree = "<group>"; };
/* End PBXFileReference section */

/* Begin PBXFrameworksBuildPhase section */
		1B26864D1F6A87340018DC59 /* Frameworks */ = {
			isa = PBXFrameworksBuildPhase;
			buildActionMask = 2147483647;
			files = (
			);
			runOnlyForDeploymentPostprocessing = 0;
		};
/* End PBXFrameworksBuildPhase section */

/* Begin PBXGroup section */
		1B2686471F6A87340018DC59 = {
			isa = PBXGroup;
			children = (
				1B2686521F6A87340018DC59 /* TextField Challenge App */,
				1B2686511F6A87340018DC59 /* Products */,
			);
			sourceTree = "<group>";
		};
		1B2686511F6A87340018DC59 /* Products */ = {
			isa = PBXGroup;
			children = (
				1B2686501F6A87340018DC59 /* TextField Challenge App.app */,
			);
			name = Products;
			sourceTree = "<group>";
		};
		1B2686521F6A87340018DC59 /* TextField Challenge App */ = {
			isa = PBXGroup;
			children = (
				1B2686531F6A87340018DC59 /* AppDelegate.swift */,
				1B2686551F6A87340018DC59 /* ViewController.swift */,
				1B2686571F6A87340018DC59 /* Main.storyboard */,
				1B26865A1F6A87340018DC59 /* Assets.xcassets */,
				1B26865C1F6A87340018DC59 /* LaunchScreen.storyboard */,
				1B26865F1F6A87340018DC59 /* Info.plist */,
				1B2686671F6A89440018DC59 /* FirstDelegate.swift */,
				1B2686691F6A89520018DC59 /* SecondDelegate.swift */,
			);
			path = "TextField Challenge App";
			sourceTree = "<group>";
		};
/* End PBXGroup section */

/* Begin PBXNativeTarget section */
		1B26864F1F6A87340018DC59 /* TextField Challenge App */ = {
			isa = PBXNativeTarget;
			buildConfigurationList = 1B2686621F6A87340018DC59 /* Build configuration list for PBXNativeTarget "TextField Challenge App" */;
			buildPhases = (
				1B26864C1F6A87340018DC59 /* Sources */,
				1B26864D1F6A87340018DC59 /* Frameworks */,
				1B26864E1F6A87340018DC59 /* Resources */,
			);
			buildRules = (
			);
			dependencies = (
			);
			name = "TextField Challenge App";
			productName = "TextField Challenge App";
			productReference = 1B2686501F6A87340018DC59 /* TextField Challenge App.app */;
			productType = "com.apple.product-type.application";
		};
/* End PBXNativeTarget section */

/* Begin PBXProject section */
		1B2686481F6A87340018DC59 /* Project object */ = {
			isa = PBXProject;
			attributes = {
				LastSwiftUpdateCheck = 0830;
				LastUpgradeCheck = 0830;
				ORGANIZATIONNAME = sagar;
				TargetAttributes = {
					1B26864F1F6A87340018DC59 = {
						CreatedOnToolsVersion = 8.3.3;
						ProvisioningStyle = Automatic;
					};
				};
			};
			buildConfigurationList = 1B26864B1F6A87340018DC59 /* Build configuration list for PBXProject "TextField Challenge App" */;
			compatibilityVersion = "Xcode 3.2";
			developmentRegion = English;
			hasScannedForEncodings = 0;
			knownRegions = (
				en,
				Base,
			);
			mainGroup = 1B2686471F6A87340018DC59;
			productRefGroup = 1B2686511F6A87340018DC59 /* Products */;
			projectDirPath = "";
			projectRoot = "";
			targets = (
				1B26864F1F6A87340018DC59 /* TextField Challenge App */,
			);
		};
/* End PBXProject section */

/* Begin PBXResourcesBuildPhase section */
		1B26864E1F6A87340018DC59 /* Resources */ = {
			isa = PBXResourcesBuildPhase;
			buildActionMask = 2147483647;
			files = (
				1B26865E1F6A87340018DC59 /* LaunchScreen.storyboard in Resources */,
				1B26865B1F6A87340018DC59 /* Assets.xcassets in Resources */,
				1B2686591F6A87340018DC59 /* Main.storyboard in Resources */,
			);
			runOnlyForDeploymentPostprocessing = 0;
		};
/* End PBXResourcesBuildPhase section */

/* Begin PBXSourcesBuildPhase section */
		1B26864C1F6A87340018DC59 /* Sources */ = {
			isa = PBXSourcesBuildPhase;
			buildActionMask = 2147483647;
			files = (
				1B2686681F6A89440018DC59 /* FirstDelegate.swift in Sources */,
				1B2686561F6A87340018DC59 /* ViewController.swift in Sources */,
				1B26866A1F6A89520018DC59 /* SecondDelegate.swift in Sources */,
				1B2686541F6A87340018DC59 /* AppDelegate.swift in Sources */,
			);
			runOnlyForDeploymentPostprocessing = 0;
		};
/* End PBXSourcesBuildPhase section */

/* Begin PBXVariantGroup section */
		1B2686571F6A87340018DC59 /* Main.storyboard */ = {
			isa = PBXVariantGroup;
			children = (
				1B2686581F6A87340018DC59 /* Base */,
			);
			name = Main.storyboard;
			sourceTree = "<group>";
		};
		1B26865C1F6A87340018DC59 /* LaunchScreen.storyboard */ = {
			isa = PBXVariantGroup;
			children = (
				1B26865D1F6A87340018DC59 /* Base */,
			);
			name = LaunchScreen.storyboard;
			sourceTree = "<group>";
		};
/* End PBXVariantGroup section */

/* Begin XCBuildConfiguration section */
		1B2686601F6A87340018DC59 /* Debug */ = {
			isa = XCBuildConfiguration;
			buildSettings = {
				ALWAYS_SEARCH_USER_PATHS = NO;
				CLANG_ANALYZER_NONNULL = YES;
				CLANG_ANALYZER_NUMBER_OBJECT_CONVERSION = YES_AGGRESSIVE;
				CLANG_CXX_LANGUAGE_STANDARD = "gnu++0x";
				CLANG_CXX_LIBRARY = "libc++";
				CLANG_ENABLE_MODULES = YES;
				CLANG_ENABLE_OBJC_ARC = YES;
				CLANG_WARN_BOOL_CONVERSION = YES;
				CLANG_WARN_CONSTANT_CONVERSION = YES;
				CLANG_WARN_DIRECT_OBJC_ISA_USAGE = YES_ERROR;
				CLANG_WARN_DOCUMENTATION_COMMENTS = YES;
				CLANG_WARN_EMPTY_BODY = YES;
				CLANG_WARN_ENUM_CONVERSION = YES;
				CLANG_WARN_INFINITE_RECURSION = YES;
				CLANG_WARN_INT_CONVERSION = YES;
				CLANG_WARN_OBJC_ROOT_CLASS = YES_ERROR;
				CLANG_WARN_SUSPICIOUS_MOVE = YES;
				CLANG_WARN_UNREACHABLE_CODE = YES;
				CLANG_WARN__DUPLICATE_METHOD_MATCH = YES;
				"CODE_SIGN_IDENTITY[sdk=iphoneos*]" = "iPhone Developer";
				COPY_PHASE_STRIP = NO;
				DEBUG_INFORMATION_FORMAT = dwarf;
				ENABLE_STRICT_OBJC_MSGSEND = YES;
				ENABLE_TESTABILITY = YES;
				GCC_C_LANGUAGE_STANDARD = gnu99;
				GCC_DYNAMIC_NO_PIC = NO;
				GCC_NO_COMMON_BLOCKS = YES;
				GCC_OPTIMIZATION_LEVEL = 0;
				GCC_PREPROCESSOR_DEFINITIONS = (
					"DEBUG=1",
					"$(inherited)",
				);
				GCC_WARN_64_TO_32_BIT_CONVERSION = YES;
				GCC_WARN_ABOUT_RETURN_TYPE = YES_ERROR;
				GCC_WARN_UNDECLARED_SELECTOR = YES;
				GCC_WARN_UNINITIALIZED_AUTOS = YES_AGGRESSIVE;
				GCC_WARN_UNUSED_FUNCTION = YES;
				GCC_WARN_UNUSED_VARIABLE = YES;
				IPHONEOS_DEPLOYMENT_TARGET = 10.3;
				MTL_ENABLE_DEBUG_INFO = YES;
				ONLY_ACTIVE_ARCH = YES;
				SDKROOT = iphoneos;
				SWIFT_ACTIVE_COMPILATION_CONDITIONS = DEBUG;
				SWIFT_OPTIMIZATION_LEVEL = "-Onone";
			};
			name = Debug;
		};
		1B2686611F6A87340018DC59 /* Release */ = {
			isa = XCBuildConfiguration;
			buildSettings = {
				ALWAYS_SEARCH_USER_PATHS = NO;
				CLANG_ANALYZER_NONNULL = YES;
				CLANG_ANALYZER_NUMBER_OBJECT_CONVERSION = YES_AGGRESSIVE;
				CLANG_CXX_LANGUAGE_STANDARD = "gnu++0x";
				CLANG_CXX_LIBRARY = "libc++";
				CLANG_ENABLE_MODULES = YES;
				CLANG_ENABLE_OBJC_ARC = YES;
				CLANG_WARN_BOOL_CONVERSION = YES;
				CLANG_WARN_CONSTANT_CONVERSION = YES;
				CLANG_WARN_DIRECT_OBJC_ISA_USAGE = YES_ERROR;
				CLANG_WARN_DOCUMENTATION_COMMENTS = YES;
				CLANG_WARN_EMPTY_BODY = YES;
				CLANG_WARN_ENUM_CONVERSION = YES;
				CLANG_WARN_INFINITE_RECURSION = YES;
				CLANG_WARN_INT_CONVERSION = YES;
				CLANG_WARN_OBJC_ROOT_CLASS = YES_ERROR;
				CLANG_WARN_SUSPICIOUS_MOVE = YES;
				CLANG_WARN_UNREACHABLE_CODE = YES;
				CLANG_WARN__DUPLICATE_METHOD_MATCH = YES;
				"CODE_SIGN_IDENTITY[sdk=iphoneos*]" = "iPhone Developer";
				COPY_PHASE_STRIP = NO;
				DEBUG_INFORMATION_FORMAT = "dwarf-with-dsym";
				ENABLE_NS_ASSERTIONS = NO;
				ENABLE_STRICT_OBJC_MSGSEND = YES;
				GCC_C_LANGUAGE_STANDARD = gnu99;
				GCC_NO_COMMON_BLOCKS = YES;
				GCC_WARN_64_TO_32_BIT_CONVERSION = YES;
				GCC_WARN_ABOUT_RETURN_TYPE = YES_ERROR;
				GCC_WARN_UNDECLARED_SELECTOR = YES;
				GCC_WARN_UNINITIALIZED_AUTOS = YES_AGGRESSIVE;
				GCC_WARN_UNUSED_FUNCTION = YES;
				GCC_WARN_UNUSED_VARIABLE = YES;
				IPHONEOS_DEPLOYMENT_TARGET = 10.3;
				MTL_ENABLE_DEBUG_INFO = NO;
				SDKROOT = iphoneos;
				SWIFT_OPTIMIZATION_LEVEL = "-Owholemodule";
				VALIDATE_PRODUCT = YES;
			};
			name = Release;
		};
		1B2686631F6A87340018DC59 /* Debug */ = {
			isa = XCBuildConfiguration;
			buildSettings = {
				ASSETCATALOG_COMPILER_APPICON_NAME = AppIcon;
				INFOPLIST_FILE = "TextField Challenge App/Info.plist";
				LD_RUNPATH_SEARCH_PATHS = "$(inherited) @executable_path/Frameworks";
				PRODUCT_BUNDLE_IDENTIFIER = "com.sagar.TextField-Challenge-App";
				PRODUCT_NAME = "$(TARGET_NAME)";
				SWIFT_VERSION = 3.0;
			};
			name = Debug;
		};
		1B2686641F6A87340018DC59 /* Release */ = {
			isa = XCBuildConfiguration;
			buildSettings = {
				ASSETCATALOG_COMPILER_APPICON_NAME = AppIcon;
				INFOPLIST_FILE = "TextField Challenge App/Info.plist";
				LD_RUNPATH_SEARCH_PATHS = "$(inherited) @executable_path/Frameworks";
				PRODUCT_BUNDLE_IDENTIFIER = "com.sagar.TextField-Challenge-App";
				PRODUCT_NAME = "$(TARGET_NAME)";
				SWIFT_VERSION = 3.0;
			};
			name = Release;
		};
/* End XCBuildConfiguration section */

/* Begin XCConfigurationList section */
		1B26864B1F6A87340018DC59 /* Build configuration list for PBXProject "TextField Challenge App" */ = {
			isa = XCConfigurationList;
			buildConfigurations = (
				1B2686601F6A87340018DC59 /* Debug */,
				1B2686611F6A87340018DC59 /* Release */,
			);
			defaultConfigurationIsVisible = 0;
			defaultConfigurationName = Release;
		};
		1B2686621F6A87340018DC59 /* Build configuration list for PBXNativeTarget "TextField Challenge App" */ = {
			isa = XCConfigurationList;
			buildConfigurations = (
				1B2686631F6A87340018DC59 /* Debug */,
				1B2686641F6A87340018DC59 /* Release */,
			);
			defaultConfigurationIsVisible = 0;
		};
/* End XCConfigurationList section */
	};
	rootObject = 1B2686481F6A87340018DC59 /* Project object */;
}
